
Microsoft Visual Studio Solution File, Format Version 12.00
# Visual Studio Version 17
VisualStudioVersion = 17.1.32210.238
MinimumVisualStudioVersion = 10.0.40219.1
Project("{FAE04EC0-301F-11D3-BF4B-00C04F79EFBC}") = "RMDataManager", "RMDataManager\RMDataManager.csproj", "{F998E568-AFD6-4AF0-9B15-D86FAFEE2B05}"
EndProject
Global
	GlobalSection(SolutionConfigurationPlatforms) = preSolution
		Debug|Any CPU = Debug|Any CPU
		Release|Any CPU = Release|Any CPU
	EndGlobalSection
	GlobalSection(ProjectConfigurationPlatforms) = postSolution
		{F998E568-AFD6-4AF0-9B15-D86FAFEE2B05}.Debug|Any CPU.ActiveCfg = Debug|Any CPU
		{F998E568-AFD6-4AF0-9B15-D86FAFEE2B05}.Debug|Any CPU.Build.0 = Debug|Any CPU
		{F998E568-AFD6-4AF0-9B15-D86FAFEE2B05}.Release|Any CPU.ActiveCfg = Release|Any CPU
		{F998E568-AFD6-4AF0-9B15-D86FAFEE2B05}.Release|Any CPU.Build.0 = Release|Any CPU
	EndGlobalSection
	GlobalSection(SolutionProperties) = preSolution
		HideSolutionNode = FALSE
	EndGlobalSection
	GlobalSection(ExtensibilityGlobals) = postSolution
		SolutionGuid = {23963675-ADBD-4B21-A5BF-C805BAE033A6}
	EndGlobalSection
EndGlobal
